
Microsoft Visual Studio Solution File, Format Version 12.00
# Visual Studio Version 17
VisualStudioVersion = 17.0.31903.59
MinimumVisualStudioVersion = 10.0.40219.1
Project("{9A19103F-16F7-4668-BE54-9A1E7A4F7556}") = "PasswordManager.SharedKernel", "src\PasswordManager.SharedKernel\PasswordManager.SharedKernel.csproj", "{B99CD4F6-278D-4E2D-9D7F-438A351C89B0}"
EndProject
Project("{9A19103F-16F7-4668-BE54-9A1E7A4F7556}") = "PasswordManager.UnitTests", "tests\PasswordManager.UnitTests\PasswordManager.UnitTests.csproj", "{79678EA4-CF42-445C-A9C8-9FC1BFAE0A29}"
EndProject
Project("{9A19103F-16F7-4668-BE54-9A1E7A4F7556}") = "PasswordManager.Domain", "src\PasswordManager.Domain\PasswordManager.Domain.csproj", "{F440B432-546D-483A-9EA7-35AF4F39092F}"
EndProject
Project("{9A19103F-16F7-4668-BE54-9A1E7A4F7556}") = "PasswordManager.Data", "src\PasswordManager.Data\PasswordManager.Data.csproj", "{93BE8756-9200-4B0C-8D87-DF34B8BE17BE}"
EndProject
Project("{FAE04EC0-301F-11D3-BF4B-00C04F79EFBC}") = "PasswordManager.Presentation.Blazor", "src\PasswordManager.Presentation.Blazor\PasswordManager.Presentation.Blazor.csproj", "{36F8B339-5403-425C-867B-08FB0E5A50C7}"
EndProject
Global
	GlobalSection(SolutionConfigurationPlatforms) = preSolution
		Debug|Any CPU = Debug|Any CPU
		Release|Any CPU = Release|Any CPU
	EndGlobalSection
	GlobalSection(ProjectConfigurationPlatforms) = postSolution
		{B99CD4F6-278D-4E2D-9D7F-438A351C89B0}.Debug|Any CPU.ActiveCfg = Debug|Any CPU
		{B99CD4F6-278D-4E2D-9D7F-438A351C89B0}.Debug|Any CPU.Build.0 = Debug|Any CPU
		{B99CD4F6-278D-4E2D-9D7F-438A351C89B0}.Release|Any CPU.ActiveCfg = Release|Any CPU
		{B99CD4F6-278D-4E2D-9D7F-438A351C89B0}.Release|Any CPU.Build.0 = Release|Any CPU
		{79678EA4-CF42-445C-A9C8-9FC1BFAE0A29}.Debug|Any CPU.ActiveCfg = Debug|Any CPU
		{79678EA4-CF42-445C-A9C8-9FC1BFAE0A29}.Debug|Any CPU.Build.0 = Debug|Any CPU
		{79678EA4-CF42-445C-A9C8-9FC1BFAE0A29}.Release|Any CPU.ActiveCfg = Release|Any CPU
		{79678EA4-CF42-445C-A9C8-9FC1BFAE0A29}.Release|Any CPU.Build.0 = Release|Any CPU
		{F440B432-546D-483A-9EA7-35AF4F39092F}.Debug|Any CPU.ActiveCfg = Debug|Any CPU
		{F440B432-546D-483A-9EA7-35AF4F39092F}.Debug|Any CPU.Build.0 = Debug|Any CPU
		{F440B432-546D-483A-9EA7-35AF4F39092F}.Release|Any CPU.ActiveCfg = Release|Any CPU
		{F440B432-546D-483A-9EA7-35AF4F39092F}.Release|Any CPU.Build.0 = Release|Any CPU
		{93BE8756-9200-4B0C-8D87-DF34B8BE17BE}.Debug|Any CPU.ActiveCfg = Debug|Any CPU
		{93BE8756-9200-4B0C-8D87-DF34B8BE17BE}.Debug|Any CPU.Build.0 = Debug|Any CPU
		{93BE8756-9200-4B0C-8D87-DF34B8BE17BE}.Release|Any CPU.ActiveCfg = Release|Any CPU
		{93BE8756-9200-4B0C-8D87-DF34B8BE17BE}.Release|Any CPU.Build.0 = Release|Any CPU
		{36F8B339-5403-425C-867B-08FB0E5A50C7}.Debug|Any CPU.ActiveCfg = Debug|Any CPU
		{36F8B339-5403-425C-867B-08FB0E5A50C7}.Debug|Any CPU.Build.0 = Debug|Any CPU
		{36F8B339-5403-425C-867B-08FB0E5A50C7}.Release|Any CPU.ActiveCfg = Release|Any CPU
		{36F8B339-5403-425C-867B-08FB0E5A50C7}.Release|Any CPU.Build.0 = Release|Any CPU
	EndGlobalSection
	GlobalSection(SolutionProperties) = preSolution
		HideSolutionNode = FALSE
	EndGlobalSection
	GlobalSection(ExtensibilityGlobals) = postSolution
		SolutionGuid = {1267F4B6-E436-4B1C-8B0F-2045C0416FF1}
	EndGlobalSection
EndGlobal
